// !$*UTF8*$!
{
	archiveVersion = 1;
	classes = {
	};
	objectVersion = 56;
	objects = {

/* Begin PBXBuildFile section */
		9B625A322B1A1C05005E5039 /* HexagonParameters.swift in Sources */ = {isa = PBXBuildFile; fileRef = 9B625A312B1A1C05005E5039 /* HexagonParameters.swift */; };
		9B625A342B1A1F1D005E5039 /* BadgeBackground.swift in Sources */ = {isa = PBXBuildFile; fileRef = 9B625A332B1A1F1D005E5039 /* BadgeBackground.swift */; };
		9B625A362B1A2034005E5039 /* BadgeSymbol.swift in Sources */ = {isa = PBXBuildFile; fileRef = 9B625A352B1A2034005E5039 /* BadgeSymbol.swift */; };
		9B625A382B1A2046005E5039 /* RotatedBadgeSymbol.swift in Sources */ = {isa = PBXBuildFile; fileRef = 9B625A372B1A2046005E5039 /* RotatedBadgeSymbol.swift */; };
		9BBB882E2B174D2E001B9F77 /* LandmarkList.swift in Sources */ = {isa = PBXBuildFile; fileRef = 9BBB882D2B174D2E001B9F77 /* LandmarkList.swift */; };
		9BBB88302B175162001B9F77 /* LandmarkDetail.swift in Sources */ = {isa = PBXBuildFile; fileRef = 9BBB882F2B175162001B9F77 /* LandmarkDetail.swift */; };
		9BBB88322B1786B7001B9F77 /* FavoriteButton.swift in Sources */ = {isa = PBXBuildFile; fileRef = 9BBB88312B1786B7001B9F77 /* FavoriteButton.swift */; };
		9BDA81562B1636E800F8C57C /* LandmarksApp.swift in Sources */ = {isa = PBXBuildFile; fileRef = 9BDA81552B1636E800F8C57C /* LandmarksApp.swift */; };
		9BDA81582B1636E800F8C57C /* ContentView.swift in Sources */ = {isa = PBXBuildFile; fileRef = 9BDA81572B1636E800F8C57C /* ContentView.swift */; };
		9BDA815A2B1636E800F8C57C /* Assets.xcassets in Resources */ = {isa = PBXBuildFile; fileRef = 9BDA81592B1636E800F8C57C /* Assets.xcassets */; };
		9BDA815D2B1636E800F8C57C /* Preview Assets.xcassets in Resources */ = {isa = PBXBuildFile; fileRef = 9BDA815C2B1636E800F8C57C /* Preview Assets.xcassets */; };
		9BDA81642B163C5B00F8C57C /* CircleImage.swift in Sources */ = {isa = PBXBuildFile; fileRef = 9BDA81632B163C5B00F8C57C /* CircleImage.swift */; };
		9BDA81662B163D2F00F8C57C /* MapView.swift in Sources */ = {isa = PBXBuildFile; fileRef = 9BDA81652B163D2F00F8C57C /* MapView.swift */; };
		9BDA816A2B1745ED00F8C57C /* landmarkData.json in Resources */ = {isa = PBXBuildFile; fileRef = 9BDA81692B1745ED00F8C57C /* landmarkData.json */; };
		9BDA816C2B17460A00F8C57C /* Landmark.swift in Sources */ = {isa = PBXBuildFile; fileRef = 9BDA816B2B17460A00F8C57C /* Landmark.swift */; };
		9BDA816E2B17477100F8C57C /* ModelData.swift in Sources */ = {isa = PBXBuildFile; fileRef = 9BDA816D2B17477100F8C57C /* ModelData.swift */; };
		9BDA81742B17499B00F8C57C /* LandmarkRow.swift in Sources */ = {isa = PBXBuildFile; fileRef = 9BDA81732B17499B00F8C57C /* LandmarkRow.swift */; };
/* End PBXBuildFile section */

/* Begin PBXFileReference section */
		9B625A312B1A1C05005E5039 /* HexagonParameters.swift */ = {isa = PBXFileReference; fileEncoding = 4; lastKnownFileType = sourcecode.swift; path = HexagonParameters.swift; sourceTree = "<group>"; };
		9B625A332B1A1F1D005E5039 /* BadgeBackground.swift */ = {isa = PBXFileReference; fileEncoding = 4; lastKnownFileType = sourcecode.swift; path = BadgeBackground.swift; sourceTree = "<group>"; };
		9B625A352B1A2034005E5039 /* BadgeSymbol.swift */ = {isa = PBXFileReference; fileEncoding = 4; lastKnownFileType = sourcecode.swift; path = BadgeSymbol.swift; sourceTree = "<group>"; };
		9B625A372B1A2046005E5039 /* RotatedBadgeSymbol.swift */ = {isa = PBXFileReference; fileEncoding = 4; lastKnownFileType = sourcecode.swift; path = RotatedBadgeSymbol.swift; sourceTree = "<group>"; };
		9BBB882D2B174D2E001B9F77 /* LandmarkList.swift */ = {isa = PBXFileReference; lastKnownFileType = sourcecode.swift; path = LandmarkList.swift; sourceTree = "<group>"; };
		9BBB882F2B175162001B9F77 /* LandmarkDetail.swift */ = {isa = PBXFileReference; lastKnownFileType = sourcecode.swift; path = LandmarkDetail.swift; sourceTree = "<group>"; };
		9BBB88312B1786B7001B9F77 /* FavoriteButton.swift */ = {isa = PBXFileReference; lastKnownFileType = sourcecode.swift; path = FavoriteButton.swift; sourceTree = "<group>"; };
		9BDA81522B1636E800F8C57C /* Landmarks.app */ = {isa = PBXFileReference; explicitFileType = wrapper.application; includeInIndex = 0; path = Landmarks.app; sourceTree = BUILT_PRODUCTS_DIR; };
		9BDA81552B1636E800F8C57C /* LandmarksApp.swift */ = {isa = PBXFileReference; lastKnownFileType = sourcecode.swift; path = LandmarksApp.swift; sourceTree = "<group>"; };
		9BDA81572B1636E800F8C57C /* ContentView.swift */ = {isa = PBXFileReference; lastKnownFileType = sourcecode.swift; path = ContentView.swift; sourceTree = "<group>"; };
		9BDA81592B1636E800F8C57C /* Assets.xcassets */ = {isa = PBXFileReference; lastKnownFileType = folder.assetcatalog; path = Assets.xcassets; sourceTree = "<group>"; };
		9BDA815C2B1636E800F8C57C /* Preview Assets.xcassets */ = {isa = PBXFileReference; lastKnownFileType = folder.assetcatalog; path = "Preview Assets.xcassets"; sourceTree = "<group>"; };
		9BDA81632B163C5B00F8C57C /* CircleImage.swift */ = {isa = PBXFileReference; lastKnownFileType = sourcecode.swift; path = CircleImage.swift; sourceTree = "<group>"; };
		9BDA81652B163D2F00F8C57C /* MapView.swift */ = {isa = PBXFileReference; lastKnownFileType = sourcecode.swift; path = MapView.swift; sourceTree = "<group>"; };
		9BDA81692B1745ED00F8C57C /* landmarkData.json */ = {isa = PBXFileReference; fileEncoding = 4; lastKnownFileType = text.json; path = landmarkData.json; sourceTree = "<group>"; };
		9BDA816B2B17460A00F8C57C /* Landmark.swift */ = {isa = PBXFileReference; lastKnownFileType = sourcecode.swift; path = Landmark.swift; sourceTree = "<group>"; };
		9BDA816D2B17477100F8C57C /* ModelData.swift */ = {isa = PBXFileReference; lastKnownFileType = sourcecode.swift; path = ModelData.swift; sourceTree = "<group>"; };
		9BDA81732B17499B00F8C57C /* LandmarkRow.swift */ = {isa = PBXFileReference; lastKnownFileType = sourcecode.swift; path = LandmarkRow.swift; sourceTree = "<group>"; };
/* End PBXFileReference section */

/* Begin PBXFrameworksBuildPhase section */
		9BDA814F2B1636E800F8C57C /* Frameworks */ = {
			isa = PBXFrameworksBuildPhase;
			buildActionMask = 2147483647;
			files = (
			);
			runOnlyForDeploymentPostprocessing = 0;
		};
/* End PBXFrameworksBuildPhase section */

/* Begin PBXGroup section */
		9BBB88332B17875B001B9F77 /* Helper */ = {
			isa = PBXGroup;
			children = (
				9BDA81632B163C5B00F8C57C /* CircleImage.swift */,
				9BDA81652B163D2F00F8C57C /* MapView.swift */,
				9BBB88312B1786B7001B9F77 /* FavoriteButton.swift */,
			);
			path = Helper;
			sourceTree = "<group>";
		};
		9BBB88342B17877A001B9F77 /* Landmarks */ = {
			isa = PBXGroup;
			children = (
				9BDA81732B17499B00F8C57C /* LandmarkRow.swift */,
				9BBB882D2B174D2E001B9F77 /* LandmarkList.swift */,
				9BBB882F2B175162001B9F77 /* LandmarkDetail.swift */,
			);
			path = Landmarks;
			sourceTree = "<group>";
		};
		9BDA81492B1636E800F8C57C = {
			isa = PBXGroup;
			children = (
				9BDA81542B1636E800F8C57C /* Landmarks */,
				9BDA81532B1636E800F8C57C /* Products */,
			);
			sourceTree = "<group>";
		};
		9BDA81532B1636E800F8C57C /* Products */ = {
			isa = PBXGroup;
			children = (
				9BDA81522B1636E800F8C57C /* Landmarks.app */,
			);
			name = Products;
			sourceTree = "<group>";
		};
		9BDA81542B1636E800F8C57C /* Landmarks */ = {
			isa = PBXGroup;
			children = (
				9BDA81552B1636E800F8C57C /* LandmarksApp.swift */,
				9BDA81722B17493400F8C57C /* Resources */,
				9BDA816F2B17491A00F8C57C /* Views */,
				9BDA81712B17492D00F8C57C /* Model */,
				9BDA81592B1636E800F8C57C /* Assets.xcassets */,
				9BDA815B2B1636E800F8C57C /* Preview Content */,
			);
			path = Landmarks;
			sourceTree = "<group>";
		};
		9BDA815B2B1636E800F8C57C /* Preview Content */ = {
			isa = PBXGroup;
			children = (
				9BDA815C2B1636E800F8C57C /* Preview Assets.xcassets */,
			);
			path = "Preview Content";
			sourceTree = "<group>";
		};
		9BDA816F2B17491A00F8C57C /* Views */ = {
			isa = PBXGroup;
			children = (
				9B625A372B1A2046005E5039 /* RotatedBadgeSymbol.swift */,
				9B625A352B1A2034005E5039 /* BadgeSymbol.swift */,
				9B625A332B1A1F1D005E5039 /* BadgeBackground.swift */,
				9B625A312B1A1C05005E5039 /* HexagonParameters.swift */,
				9BDA81572B1636E800F8C57C /* ContentView.swift */,
				9BBB88332B17875B001B9F77 /* Helper */,
				9BBB88342B17877A001B9F77 /* Landmarks */,
			);
			path = Views;
			sourceTree = "<group>";
		};
		9BDA81712B17492D00F8C57C /* Model */ = {
			isa = PBXGroup;
			children = (
				9BDA816B2B17460A00F8C57C /* Landmark.swift */,
				9BDA816D2B17477100F8C57C /* ModelData.swift */,
			);
			path = Model;
			sourceTree = "<group>";
		};
		9BDA81722B17493400F8C57C /* Resources */ = {
			isa = PBXGroup;
			children = (
				9BDA81692B1745ED00F8C57C /* landmarkData.json */,
			);
			path = Resources;
			sourceTree = "<group>";
		};
/* End PBXGroup section */

/* Begin PBXNativeTarget section */
		9BDA81512B1636E800F8C57C /* Landmarks */ = {
			isa = PBXNativeTarget;
			buildConfigurationList = 9BDA81602B1636E800F8C57C /* Build configuration list for PBXNativeTarget "Landmarks" */;
			buildPhases = (
				9BDA814E2B1636E800F8C57C /* Sources */,
				9BDA814F2B1636E800F8C57C /* Frameworks */,
				9BDA81502B1636E800F8C57C /* Resources */,
			);
			buildRules = (
			);
			dependencies = (
			);
			name = Landmarks;
			productName = Landmarks;
			productReference = 9BDA81522B1636E800F8C57C /* Landmarks.app */;
			productType = "com.apple.product-type.application";
		};
/* End PBXNativeTarget section */

/* Begin PBXProject section */
		9BDA814A2B1636E800F8C57C /* Project object */ = {
			isa = PBXProject;
			attributes = {
				BuildIndependentTargetsInParallel = 1;
				LastSwiftUpdateCheck = 1500;
				LastUpgradeCheck = 1500;
				TargetAttributes = {
					9BDA81512B1636E800F8C57C = {
						CreatedOnToolsVersion = 15.0.1;
					};
				};
			};
			buildConfigurationList = 9BDA814D2B1636E800F8C57C /* Build configuration list for PBXProject "Landmarks" */;
			compatibilityVersion = "Xcode 14.0";
			developmentRegion = en;
			hasScannedForEncodings = 0;
			knownRegions = (
				en,
				Base,
			);
			mainGroup = 9BDA81492B1636E800F8C57C;
			productRefGroup = 9BDA81532B1636E800F8C57C /* Products */;
			projectDirPath = "";
			projectRoot = "";
			targets = (
				9BDA81512B1636E800F8C57C /* Landmarks */,
			);
		};
/* End PBXProject section */

/* Begin PBXResourcesBuildPhase section */
		9BDA81502B1636E800F8C57C /* Resources */ = {
			isa = PBXResourcesBuildPhase;
			buildActionMask = 2147483647;
			files = (
				9BDA815D2B1636E800F8C57C /* Preview Assets.xcassets in Resources */,
				9BDA815A2B1636E800F8C57C /* Assets.xcassets in Resources */,
				9BDA816A2B1745ED00F8C57C /* landmarkData.json in Resources */,
			);
			runOnlyForDeploymentPostprocessing = 0;
		};
/* End PBXResourcesBuildPhase section */

/* Begin PBXSourcesBuildPhase section */
		9BDA814E2B1636E800F8C57C /* Sources */ = {
			isa = PBXSourcesBuildPhase;
			buildActionMask = 2147483647;
			files = (
				9BDA81582B1636E800F8C57C /* ContentView.swift in Sources */,
				9BDA816E2B17477100F8C57C /* ModelData.swift in Sources */,
				9BDA81662B163D2F00F8C57C /* MapView.swift in Sources */,
				9BBB88322B1786B7001B9F77 /* FavoriteButton.swift in Sources */,
				9B625A322B1A1C05005E5039 /* HexagonParameters.swift in Sources */,
				9B625A382B1A2046005E5039 /* RotatedBadgeSymbol.swift in Sources */,
				9B625A362B1A2034005E5039 /* BadgeSymbol.swift in Sources */,
				9BBB882E2B174D2E001B9F77 /* LandmarkList.swift in Sources */,
				9BBB88302B175162001B9F77 /* LandmarkDetail.swift in Sources */,
				9B625A342B1A1F1D005E5039 /* BadgeBackground.swift in Sources */,
				9BDA81562B1636E800F8C57C /* LandmarksApp.swift in Sources */,
				9BDA81642B163C5B00F8C57C /* CircleImage.swift in Sources */,
				9BDA81742B17499B00F8C57C /* LandmarkRow.swift in Sources */,
				9BDA816C2B17460A00F8C57C /* Landmark.swift in Sources */,
			);
			runOnlyForDeploymentPostprocessing = 0;
		};
/* End PBXSourcesBuildPhase section */

/* Begin XCBuildConfiguration section */
		9BDA815E2B1636E800F8C57C /* Debug */ = {
			isa = XCBuildConfiguration;
			buildSettings = {
				ALWAYS_SEARCH_USER_PATHS = NO;
				ASSETCATALOG_COMPILER_GENERATE_SWIFT_ASSET_SYMBOL_EXTENSIONS = YES;
				CLANG_ANALYZER_NONNULL = YES;
				CLANG_ANALYZER_NUMBER_OBJECT_CONVERSION = YES_AGGRESSIVE;
				CLANG_CXX_LANGUAGE_STANDARD = "gnu++20";
				CLANG_ENABLE_MODULES = YES;
				CLANG_ENABLE_OBJC_ARC = YES;
				CLANG_ENABLE_OBJC_WEAK = YES;
				CLANG_WARN_BLOCK_CAPTURE_AUTORELEASING = YES;
				CLANG_WARN_BOOL_CONVERSION = YES;
				CLANG_WARN_COMMA = YES;
				CLANG_WARN_CONSTANT_CONVERSION = YES;
				CLANG_WARN_DEPRECATED_OBJC_IMPLEMENTATIONS = YES;
				CLANG_WARN_DIRECT_OBJC_ISA_USAGE = YES_ERROR;
				CLANG_WARN_DOCUMENTATION_COMMENTS = YES;
				CLANG_WARN_EMPTY_BODY = YES;
				CLANG_WARN_ENUM_CONVERSION = YES;
				CLANG_WARN_INFINITE_RECURSION = YES;
				CLANG_WARN_INT_CONVERSION = YES;
				CLANG_WARN_NON_LITERAL_NULL_CONVERSION = YES;
				CLANG_WARN_OBJC_IMPLICIT_RETAIN_SELF = YES;
				CLANG_WARN_OBJC_LITERAL_CONVERSION = YES;
				CLANG_WARN_OBJC_ROOT_CLASS = YES_ERROR;
				CLANG_WARN_QUOTED_INCLUDE_IN_FRAMEWORK_HEADER = YES;
				CLANG_WARN_RANGE_LOOP_ANALYSIS = YES;
				CLANG_WARN_STRICT_PROTOTYPES = YES;
				CLANG_WARN_SUSPICIOUS_MOVE = YES;
				CLANG_WARN_UNGUARDED_AVAILABILITY = YES_AGGRESSIVE;
				CLANG_WARN_UNREACHABLE_CODE = YES;
				CLANG_WARN__DUPLICATE_METHOD_MATCH = YES;
				COPY_PHASE_STRIP = NO;
				DEBUG_INFORMATION_FORMAT = dwarf;
				ENABLE_STRICT_OBJC_MSGSEND = YES;
				ENABLE_TESTABILITY = YES;
				ENABLE_USER_SCRIPT_SANDBOXING = YES;
				GCC_C_LANGUAGE_STANDARD = gnu17;
				GCC_DYNAMIC_NO_PIC = NO;
				GCC_NO_COMMON_BLOCKS = YES;
				GCC_OPTIMIZATION_LEVEL = 0;
				GCC_PREPROCESSOR_DEFINITIONS = (
					"DEBUG=1",
					"$(inherited)",
				);
				GCC_WARN_64_TO_32_BIT_CONVERSION = YES;
				GCC_WARN_ABOUT_RETURN_TYPE = YES_ERROR;
				GCC_WARN_UNDECLARED_SELECTOR = YES;
				GCC_WARN_UNINITIALIZED_AUTOS = YES_AGGRESSIVE;
				GCC_WARN_UNUSED_FUNCTION = YES;
				GCC_WARN_UNUSED_VARIABLE = YES;
				IPHONEOS_DEPLOYMENT_TARGET = 17.0;
				LOCALIZATION_PREFERS_STRING_CATALOGS = YES;
				MTL_ENABLE_DEBUG_INFO = INCLUDE_SOURCE;
				MTL_FAST_MATH = YES;
				ONLY_ACTIVE_ARCH = YES;
				SDKROOT = iphoneos;
				SWIFT_ACTIVE_COMPILATION_CONDITIONS = "DEBUG $(inherited)";
				SWIFT_OPTIMIZATION_LEVEL = "-Onone";
			};
			name = Debug;
		};
		9BDA815F2B1636E800F8C57C /* Release */ = {
			isa = XCBuildConfiguration;
			buildSettings = {
				ALWAYS_SEARCH_USER_PATHS = NO;
				ASSETCATALOG_COMPILER_GENERATE_SWIFT_ASSET_SYMBOL_EXTENSIONS = YES;
				CLANG_ANALYZER_NONNULL = YES;
				CLANG_ANALYZER_NUMBER_OBJECT_CONVERSION = YES_AGGRESSIVE;
				CLANG_CXX_LANGUAGE_STANDARD = "gnu++20";
				CLANG_ENABLE_MODULES = YES;
				CLANG_ENABLE_OBJC_ARC = YES;
				CLANG_ENABLE_OBJC_WEAK = YES;
				CLANG_WARN_BLOCK_CAPTURE_AUTORELEASING = YES;
				CLANG_WARN_BOOL_CONVERSION = YES;
				CLANG_WARN_COMMA = YES;
				CLANG_WARN_CONSTANT_CONVERSION = YES;
				CLANG_WARN_DEPRECATED_OBJC_IMPLEMENTATIONS = YES;
				CLANG_WARN_DIRECT_OBJC_ISA_USAGE = YES_ERROR;
				CLANG_WARN_DOCUMENTATION_COMMENTS = YES;
				CLANG_WARN_EMPTY_BODY = YES;
				CLANG_WARN_ENUM_CONVERSION = YES;
				CLANG_WARN_INFINITE_RECURSION = YES;
				CLANG_WARN_INT_CONVERSION = YES;
				CLANG_WARN_NON_LITERAL_NULL_CONVERSION = YES;
				CLANG_WARN_OBJC_IMPLICIT_RETAIN_SELF = YES;
				CLANG_WARN_OBJC_LITERAL_CONVERSION = YES;
				CLANG_WARN_OBJC_ROOT_CLASS = YES_ERROR;
				CLANG_WARN_QUOTED_INCLUDE_IN_FRAMEWORK_HEADER = YES;
				CLANG_WARN_RANGE_LOOP_ANALYSIS = YES;
				CLANG_WARN_STRICT_PROTOTYPES = YES;
				CLANG_WARN_SUSPICIOUS_MOVE = YES;
				CLANG_WARN_UNGUARDED_AVAILABILITY = YES_AGGRESSIVE;
				CLANG_WARN_UNREACHABLE_CODE = YES;
				CLANG_WARN__DUPLICATE_METHOD_MATCH = YES;
				COPY_PHASE_STRIP = NO;
				DEBUG_INFORMATION_FORMAT = "dwarf-with-dsym";
				ENABLE_NS_ASSERTIONS = NO;
				ENABLE_STRICT_OBJC_MSGSEND = YES;
				ENABLE_USER_SCRIPT_SANDBOXING = YES;
				GCC_C_LANGUAGE_STANDARD = gnu17;
				GCC_NO_COMMON_BLOCKS = YES;
				GCC_WARN_64_TO_32_BIT_CONVERSION = YES;
				GCC_WARN_ABOUT_RETURN_TYPE = YES_ERROR;
				GCC_WARN_UNDECLARED_SELECTOR = YES;
				GCC_WARN_UNINITIALIZED_AUTOS = YES_AGGRESSIVE;
				GCC_WARN_UNUSED_FUNCTION = YES;
				GCC_WARN_UNUSED_VARIABLE = YES;
				IPHONEOS_DEPLOYMENT_TARGET = 17.0;
				LOCALIZATION_PREFERS_STRING_CATALOGS = YES;
				MTL_ENABLE_DEBUG_INFO = NO;
				MTL_FAST_MATH = YES;
				SDKROOT = iphoneos;
				SWIFT_COMPILATION_MODE = wholemodule;
				VALIDATE_PRODUCT = YES;
			};
			name = Release;
		};
		9BDA81612B1636E800F8C57C /* Debug */ = {
			isa = XCBuildConfiguration;
			buildSettings = {
				ASSETCATALOG_COMPILER_APPICON_NAME = AppIcon;
				ASSETCATALOG_COMPILER_GLOBAL_ACCENT_COLOR_NAME = AccentColor;
				CODE_SIGN_STYLE = Automatic;
				CURRENT_PROJECT_VERSION = 1;
				DEVELOPMENT_ASSET_PATHS = "\"Landmarks/Preview Content\"";
				DEVELOPMENT_TEAM = J6G54HL593;
				ENABLE_PREVIEWS = YES;
				GENERATE_INFOPLIST_FILE = YES;
				INFOPLIST_KEY_UIApplicationSceneManifest_Generation = YES;
				INFOPLIST_KEY_UIApplicationSupportsIndirectInputEvents = YES;
				INFOPLIST_KEY_UILaunchScreen_Generation = YES;
				INFOPLIST_KEY_UISupportedInterfaceOrientations_iPad = "UIInterfaceOrientationPortrait UIInterfaceOrientationPortraitUpsideDown UIInterfaceOrientationLandscapeLeft UIInterfaceOrientationLandscapeRight";
				INFOPLIST_KEY_UISupportedInterfaceOrientations_iPhone = "UIInterfaceOrientationPortrait UIInterfaceOrientationLandscapeLeft UIInterfaceOrientationLandscapeRight";
				LD_RUNPATH_SEARCH_PATHS = (
					"$(inherited)",
					"@executable_path/Frameworks",
				);
				MARKETING_VERSION = 1.0;
				PRODUCT_BUNDLE_IDENTIFIER = me.filipepatricio.Landmarks;
				PRODUCT_NAME = "$(TARGET_NAME)";
				SWIFT_EMIT_LOC_STRINGS = YES;
				SWIFT_VERSION = 5.0;
				TARGETED_DEVICE_FAMILY = "1,2";
			};
			name = Debug;
		};
		9BDA81622B1636E800F8C57C /* Release */ = {
			isa = XCBuildConfiguration;
			buildSettings = {
				ASSETCATALOG_COMPILER_APPICON_NAME = AppIcon;
				ASSETCATALOG_COMPILER_GLOBAL_ACCENT_COLOR_NAME = AccentColor;
				CODE_SIGN_STYLE = Automatic;
				CURRENT_PROJECT_VERSION = 1;
				DEVELOPMENT_ASSET_PATHS = "\"Landmarks/Preview Content\"";
				DEVELOPMENT_TEAM = J6G54HL593;
				ENABLE_PREVIEWS = YES;
				GENERATE_INFOPLIST_FILE = YES;
				INFOPLIST_KEY_UIApplicationSceneManifest_Generation = YES;
				INFOPLIST_KEY_UIApplicationSupportsIndirectInputEvents = YES;
				INFOPLIST_KEY_UILaunchScreen_Generation = YES;
				INFOPLIST_KEY_UISupportedInterfaceOrientations_iPad = "UIInterfaceOrientationPortrait UIInterfaceOrientationPortraitUpsideDown UIInterfaceOrientationLandscapeLeft UIInterfaceOrientationLandscapeRight";
				INFOPLIST_KEY_UISupportedInterfaceOrientations_iPhone = "UIInterfaceOrientationPortrait UIInterfaceOrientationLandscapeLeft UIInterfaceOrientationLandscapeRight";
				LD_RUNPATH_SEARCH_PATHS = (
					"$(inherited)",
					"@executable_path/Frameworks",
				);
				MARKETING_VERSION = 1.0;
				PRODUCT_BUNDLE_IDENTIFIER = me.filipepatricio.Landmarks;
				PRODUCT_NAME = "$(TARGET_NAME)";
				SWIFT_EMIT_LOC_STRINGS = YES;
				SWIFT_VERSION = 5.0;
				TARGETED_DEVICE_FAMILY = "1,2";
			};
			name = Release;
		};
/* End XCBuildConfiguration section */

/* Begin XCConfigurationList section */
		9BDA814D2B1636E800F8C57C /* Build configuration list for PBXProject "Landmarks" */ = {
			isa = XCConfigurationList;
			buildConfigurations = (
				9BDA815E2B1636E800F8C57C /* Debug */,
				9BDA815F2B1636E800F8C57C /* Release */,
			);
			defaultConfigurationIsVisible = 0;
			defaultConfigurationName = Release;
		};
		9BDA81602B1636E800F8C57C /* Build configuration list for PBXNativeTarget "Landmarks" */ = {
			isa = XCConfigurationList;
			buildConfigurations = (
				9BDA81612B1636E800F8C57C /* Debug */,
				9BDA81622B1636E800F8C57C /* Release */,
			);
			defaultConfigurationIsVisible = 0;
			defaultConfigurationName = Release;
		};
/* End XCConfigurationList section */
	};
	rootObject = 9BDA814A2B1636E800F8C57C /* Project object */;
}
